
Microsoft Visual Studio Solution File, Format Version 12.00
# Visual Studio Version 17
VisualStudioVersion = 17.11.35222.181
MinimumVisualStudioVersion = 10.0.40219.1
Project("{FAE04EC0-301F-11D3-BF4B-00C04F79EFBC}") = "WPR project", "WPR project.csproj", "{E40AC69E-56B6-4BD0-816C-CD7907AE5224}"
EndProject
Global
	GlobalSection(SolutionConfigurationPlatforms) = preSolution
		Debug|Any CPU = Debug|Any CPU
		Release|Any CPU = Release|Any CPU
	EndGlobalSection
	GlobalSection(ProjectConfigurationPlatforms) = postSolution
		{E40AC69E-56B6-4BD0-816C-CD7907AE5224}.Debug|Any CPU.ActiveCfg = Debug|Any CPU
		{E40AC69E-56B6-4BD0-816C-CD7907AE5224}.Debug|Any CPU.Build.0 = Debug|Any CPU
		{E40AC69E-56B6-4BD0-816C-CD7907AE5224}.Release|Any CPU.ActiveCfg = Release|Any CPU
		{E40AC69E-56B6-4BD0-816C-CD7907AE5224}.Release|Any CPU.Build.0 = Release|Any CPU
	EndGlobalSection
	GlobalSection(SolutionProperties) = preSolution
		HideSolutionNode = FALSE
	EndGlobalSection
	GlobalSection(ExtensibilityGlobals) = postSolution
		SolutionGuid = {39E81B8B-4969-4789-AD36-6AD4B77A4100}
	EndGlobalSection
EndGlobal
